{
  "name": "@svrooij/ftpd",
  "version": "0.2.15",
  "lockfileVersion": 1,
  "dependencies": {
    "dateformat": {
      "version": "3.0.2",
      "resolved": "https://registry.npmjs.org/dateformat/-/dateformat-3.0.2.tgz",
      "integrity": "sha1-mk30v/FYrC80vGN6vbFUcWB+Flk="
    },
    "stat-mode": {
      "version": "0.2.2",
      "resolved": "https://registry.npmjs.org/stat-mode/-/stat-mode-0.2.2.tgz",
      "integrity": "sha1-5sgLYjEj19gM8TLOU480YokHJQI="
    }
  }
}
